// !$*UTF8*$!
{
	archiveVersion = 1;
	classes = {
	};
	objectVersion = 56;
	objects = {

/* Begin PBXBuildFile section */
		19A8745A2BA5BABA007ACF2E /* Headway_PlayerApp.swift in Sources */ = {isa = PBXBuildFile; fileRef = 19A874592BA5BABA007ACF2E /* Headway_PlayerApp.swift */; };
		19A8745C2BA5BABA007ACF2E /* ContentView.swift in Sources */ = {isa = PBXBuildFile; fileRef = 19A8745B2BA5BABA007ACF2E /* ContentView.swift */; };
		19A8745E2BA5BABB007ACF2E /* Assets.xcassets in Resources */ = {isa = PBXBuildFile; fileRef = 19A8745D2BA5BABB007ACF2E /* Assets.xcassets */; };
		19A874612BA5BABB007ACF2E /* Preview Assets.xcassets in Resources */ = {isa = PBXBuildFile; fileRef = 19A874602BA5BABB007ACF2E /* Preview Assets.xcassets */; };
		19A8746B2BA5BABB007ACF2E /* Headway_PlayerTests.swift in Sources */ = {isa = PBXBuildFile; fileRef = 19A8746A2BA5BABB007ACF2E /* Headway_PlayerTests.swift */; };
		19A874752BA5BABB007ACF2E /* Headway_PlayerUITests.swift in Sources */ = {isa = PBXBuildFile; fileRef = 19A874742BA5BABB007ACF2E /* Headway_PlayerUITests.swift */; };
		19A874772BA5BABB007ACF2E /* Headway_PlayerUITestsLaunchTests.swift in Sources */ = {isa = PBXBuildFile; fileRef = 19A874762BA5BABB007ACF2E /* Headway_PlayerUITestsLaunchTests.swift */; };
/* End PBXBuildFile section */

/* Begin PBXContainerItemProxy section */
		19A874672BA5BABB007ACF2E /* PBXContainerItemProxy */ = {
			isa = PBXContainerItemProxy;
			containerPortal = 19A8744E2BA5BABA007ACF2E /* Project object */;
			proxyType = 1;
			remoteGlobalIDString = 19A874552BA5BABA007ACF2E;
			remoteInfo = Headway_Player;
		};
		19A874712BA5BABB007ACF2E /* PBXContainerItemProxy */ = {
			isa = PBXContainerItemProxy;
			containerPortal = 19A8744E2BA5BABA007ACF2E /* Project object */;
			proxyType = 1;
			remoteGlobalIDString = 19A874552BA5BABA007ACF2E;
			remoteInfo = Headway_Player;
		};
/* End PBXContainerItemProxy section */

/* Begin PBXFileReference section */
		19A874562BA5BABA007ACF2E /* Headway_Player.app */ = {isa = PBXFileReference; explicitFileType = wrapper.application; includeInIndex = 0; path = Headway_Player.app; sourceTree = BUILT_PRODUCTS_DIR; };
		19A874592BA5BABA007ACF2E /* Headway_PlayerApp.swift */ = {isa = PBXFileReference; lastKnownFileType = sourcecode.swift; path = Headway_PlayerApp.swift; sourceTree = "<group>"; };
		19A8745B2BA5BABA007ACF2E /* ContentView.swift */ = {isa = PBXFileReference; lastKnownFileType = sourcecode.swift; path = ContentView.swift; sourceTree = "<group>"; };
		19A8745D2BA5BABB007ACF2E /* Assets.xcassets */ = {isa = PBXFileReference; lastKnownFileType = folder.assetcatalog; path = Assets.xcassets; sourceTree = "<group>"; };
		19A874602BA5BABB007ACF2E /* Preview Assets.xcassets */ = {isa = PBXFileReference; lastKnownFileType = folder.assetcatalog; path = "Preview Assets.xcassets"; sourceTree = "<group>"; };
		19A874662BA5BABB007ACF2E /* Headway_PlayerTests.xctest */ = {isa = PBXFileReference; explicitFileType = wrapper.cfbundle; includeInIndex = 0; path = Headway_PlayerTests.xctest; sourceTree = BUILT_PRODUCTS_DIR; };
		19A8746A2BA5BABB007ACF2E /* Headway_PlayerTests.swift */ = {isa = PBXFileReference; lastKnownFileType = sourcecode.swift; path = Headway_PlayerTests.swift; sourceTree = "<group>"; };
		19A874702BA5BABB007ACF2E /* Headway_PlayerUITests.xctest */ = {isa = PBXFileReference; explicitFileType = wrapper.cfbundle; includeInIndex = 0; path = Headway_PlayerUITests.xctest; sourceTree = BUILT_PRODUCTS_DIR; };
		19A874742BA5BABB007ACF2E /* Headway_PlayerUITests.swift */ = {isa = PBXFileReference; lastKnownFileType = sourcecode.swift; path = Headway_PlayerUITests.swift; sourceTree = "<group>"; };
		19A874762BA5BABB007ACF2E /* Headway_PlayerUITestsLaunchTests.swift */ = {isa = PBXFileReference; lastKnownFileType = sourcecode.swift; path = Headway_PlayerUITestsLaunchTests.swift; sourceTree = "<group>"; };
/* End PBXFileReference section */

/* Begin PBXFrameworksBuildPhase section */
		19A874532BA5BABA007ACF2E /* Frameworks */ = {
			isa = PBXFrameworksBuildPhase;
			buildActionMask = 2147483647;
			files = (
			);
			runOnlyForDeploymentPostprocessing = 0;
		};
		19A874632BA5BABB007ACF2E /* Frameworks */ = {
			isa = PBXFrameworksBuildPhase;
			buildActionMask = 2147483647;
			files = (
			);
			runOnlyForDeploymentPostprocessing = 0;
		};
		19A8746D2BA5BABB007ACF2E /* Frameworks */ = {
			isa = PBXFrameworksBuildPhase;
			buildActionMask = 2147483647;
			files = (
			);
			runOnlyForDeploymentPostprocessing = 0;
		};
/* End PBXFrameworksBuildPhase section */

/* Begin PBXGroup section */
		19A8744D2BA5BABA007ACF2E = {
			isa = PBXGroup;
			children = (
				19A874582BA5BABA007ACF2E /* Headway_Player */,
				19A874692BA5BABB007ACF2E /* Headway_PlayerTests */,
				19A874732BA5BABB007ACF2E /* Headway_PlayerUITests */,
				19A874572BA5BABA007ACF2E /* Products */,
			);
			sourceTree = "<group>";
		};
		19A874572BA5BABA007ACF2E /* Products */ = {
			isa = PBXGroup;
			children = (
				19A874562BA5BABA007ACF2E /* Headway_Player.app */,
				19A874662BA5BABB007ACF2E /* Headway_PlayerTests.xctest */,
				19A874702BA5BABB007ACF2E /* Headway_PlayerUITests.xctest */,
			);
			name = Products;
			sourceTree = "<group>";
		};
		19A874582BA5BABA007ACF2E /* Headway_Player */ = {
			isa = PBXGroup;
			children = (
				19A874592BA5BABA007ACF2E /* Headway_PlayerApp.swift */,
				19A8745B2BA5BABA007ACF2E /* ContentView.swift */,
				19A8745D2BA5BABB007ACF2E /* Assets.xcassets */,
				19A8745F2BA5BABB007ACF2E /* Preview Content */,
			);
			path = Headway_Player;
			sourceTree = "<group>";
		};
		19A8745F2BA5BABB007ACF2E /* Preview Content */ = {
			isa = PBXGroup;
			children = (
				19A874602BA5BABB007ACF2E /* Preview Assets.xcassets */,
			);
			path = "Preview Content";
			sourceTree = "<group>";
		};
		19A874692BA5BABB007ACF2E /* Headway_PlayerTests */ = {
			isa = PBXGroup;
			children = (
				19A8746A2BA5BABB007ACF2E /* Headway_PlayerTests.swift */,
			);
			path = Headway_PlayerTests;
			sourceTree = "<group>";
		};
		19A874732BA5BABB007ACF2E /* Headway_PlayerUITests */ = {
			isa = PBXGroup;
			children = (
				19A874742BA5BABB007ACF2E /* Headway_PlayerUITests.swift */,
				19A874762BA5BABB007ACF2E /* Headway_PlayerUITestsLaunchTests.swift */,
			);
			path = Headway_PlayerUITests;
			sourceTree = "<group>";
		};
/* End PBXGroup section */

/* Begin PBXNativeTarget section */
		19A874552BA5BABA007ACF2E /* Headway_Player */ = {
			isa = PBXNativeTarget;
			buildConfigurationList = 19A8747A2BA5BABB007ACF2E /* Build configuration list for PBXNativeTarget "Headway_Player" */;
			buildPhases = (
				19A874522BA5BABA007ACF2E /* Sources */,
				19A874532BA5BABA007ACF2E /* Frameworks */,
				19A874542BA5BABA007ACF2E /* Resources */,
			);
			buildRules = (
			);
			dependencies = (
			);
			name = Headway_Player;
			productName = Headway_Player;
			productReference = 19A874562BA5BABA007ACF2E /* Headway_Player.app */;
			productType = "com.apple.product-type.application";
		};
		19A874652BA5BABB007ACF2E /* Headway_PlayerTests */ = {
			isa = PBXNativeTarget;
			buildConfigurationList = 19A8747D2BA5BABB007ACF2E /* Build configuration list for PBXNativeTarget "Headway_PlayerTests" */;
			buildPhases = (
				19A874622BA5BABB007ACF2E /* Sources */,
				19A874632BA5BABB007ACF2E /* Frameworks */,
				19A874642BA5BABB007ACF2E /* Resources */,
			);
			buildRules = (
			);
			dependencies = (
				19A874682BA5BABB007ACF2E /* PBXTargetDependency */,
			);
			name = Headway_PlayerTests;
			productName = Headway_PlayerTests;
			productReference = 19A874662BA5BABB007ACF2E /* Headway_PlayerTests.xctest */;
			productType = "com.apple.product-type.bundle.unit-test";
		};
		19A8746F2BA5BABB007ACF2E /* Headway_PlayerUITests */ = {
			isa = PBXNativeTarget;
			buildConfigurationList = 19A874802BA5BABB007ACF2E /* Build configuration list for PBXNativeTarget "Headway_PlayerUITests" */;
			buildPhases = (
				19A8746C2BA5BABB007ACF2E /* Sources */,
				19A8746D2BA5BABB007ACF2E /* Frameworks */,
				19A8746E2BA5BABB007ACF2E /* Resources */,
			);
			buildRules = (
			);
			dependencies = (
				19A874722BA5BABB007ACF2E /* PBXTargetDependency */,
			);
			name = Headway_PlayerUITests;
			productName = Headway_PlayerUITests;
			productReference = 19A874702BA5BABB007ACF2E /* Headway_PlayerUITests.xctest */;
			productType = "com.apple.product-type.bundle.ui-testing";
		};
/* End PBXNativeTarget section */

/* Begin PBXProject section */
		19A8744E2BA5BABA007ACF2E /* Project object */ = {
			isa = PBXProject;
			attributes = {
				BuildIndependentTargetsInParallel = 1;
				LastSwiftUpdateCheck = 1520;
				LastUpgradeCheck = 1520;
				TargetAttributes = {
					19A874552BA5BABA007ACF2E = {
						CreatedOnToolsVersion = 15.2;
					};
					19A874652BA5BABB007ACF2E = {
						CreatedOnToolsVersion = 15.2;
						TestTargetID = 19A874552BA5BABA007ACF2E;
					};
					19A8746F2BA5BABB007ACF2E = {
						CreatedOnToolsVersion = 15.2;
						TestTargetID = 19A874552BA5BABA007ACF2E;
					};
				};
			};
			buildConfigurationList = 19A874512BA5BABA007ACF2E /* Build configuration list for PBXProject "Headway_Player" */;
			compatibilityVersion = "Xcode 14.0";
			developmentRegion = en;
			hasScannedForEncodings = 0;
			knownRegions = (
				en,
				Base,
			);
			mainGroup = 19A8744D2BA5BABA007ACF2E;
			productRefGroup = 19A874572BA5BABA007ACF2E /* Products */;
			projectDirPath = "";
			projectRoot = "";
			targets = (
				19A874552BA5BABA007ACF2E /* Headway_Player */,
				19A874652BA5BABB007ACF2E /* Headway_PlayerTests */,
				19A8746F2BA5BABB007ACF2E /* Headway_PlayerUITests */,
			);
		};
/* End PBXProject section */

/* Begin PBXResourcesBuildPhase section */
		19A874542BA5BABA007ACF2E /* Resources */ = {
			isa = PBXResourcesBuildPhase;
			buildActionMask = 2147483647;
			files = (
				19A874612BA5BABB007ACF2E /* Preview Assets.xcassets in Resources */,
				19A8745E2BA5BABB007ACF2E /* Assets.xcassets in Resources */,
			);
			runOnlyForDeploymentPostprocessing = 0;
		};
		19A874642BA5BABB007ACF2E /* Resources */ = {
			isa = PBXResourcesBuildPhase;
			buildActionMask = 2147483647;
			files = (
			);
			runOnlyForDeploymentPostprocessing = 0;
		};
		19A8746E2BA5BABB007ACF2E /* Resources */ = {
			isa = PBXResourcesBuildPhase;
			buildActionMask = 2147483647;
			files = (
			);
			runOnlyForDeploymentPostprocessing = 0;
		};
/* End PBXResourcesBuildPhase section */

/* Begin PBXSourcesBuildPhase section */
		19A874522BA5BABA007ACF2E /* Sources */ = {
			isa = PBXSourcesBuildPhase;
			buildActionMask = 2147483647;
			files = (
				19A8745C2BA5BABA007ACF2E /* ContentView.swift in Sources */,
				19A8745A2BA5BABA007ACF2E /* Headway_PlayerApp.swift in Sources */,
			);
			runOnlyForDeploymentPostprocessing = 0;
		};
		19A874622BA5BABB007ACF2E /* Sources */ = {
			isa = PBXSourcesBuildPhase;
			buildActionMask = 2147483647;
			files = (
				19A8746B2BA5BABB007ACF2E /* Headway_PlayerTests.swift in Sources */,
			);
			runOnlyForDeploymentPostprocessing = 0;
		};
		19A8746C2BA5BABB007ACF2E /* Sources */ = {
			isa = PBXSourcesBuildPhase;
			buildActionMask = 2147483647;
			files = (
				19A874752BA5BABB007ACF2E /* Headway_PlayerUITests.swift in Sources */,
				19A874772BA5BABB007ACF2E /* Headway_PlayerUITestsLaunchTests.swift in Sources */,
			);
			runOnlyForDeploymentPostprocessing = 0;
		};
/* End PBXSourcesBuildPhase section */

/* Begin PBXTargetDependency section */
		19A874682BA5BABB007ACF2E /* PBXTargetDependency */ = {
			isa = PBXTargetDependency;
			target = 19A874552BA5BABA007ACF2E /* Headway_Player */;
			targetProxy = 19A874672BA5BABB007ACF2E /* PBXContainerItemProxy */;
		};
		19A874722BA5BABB007ACF2E /* PBXTargetDependency */ = {
			isa = PBXTargetDependency;
			target = 19A874552BA5BABA007ACF2E /* Headway_Player */;
			targetProxy = 19A874712BA5BABB007ACF2E /* PBXContainerItemProxy */;
		};
/* End PBXTargetDependency section */

/* Begin XCBuildConfiguration section */
		19A874782BA5BABB007ACF2E /* Debug */ = {
			isa = XCBuildConfiguration;
			buildSettings = {
				ALWAYS_SEARCH_USER_PATHS = NO;
				ASSETCATALOG_COMPILER_GENERATE_SWIFT_ASSET_SYMBOL_EXTENSIONS = YES;
				CLANG_ANALYZER_NONNULL = YES;
				CLANG_ANALYZER_NUMBER_OBJECT_CONVERSION = YES_AGGRESSIVE;
				CLANG_CXX_LANGUAGE_STANDARD = "gnu++20";
				CLANG_ENABLE_MODULES = YES;
				CLANG_ENABLE_OBJC_ARC = YES;
				CLANG_ENABLE_OBJC_WEAK = YES;
				CLANG_WARN_BLOCK_CAPTURE_AUTORELEASING = YES;
				CLANG_WARN_BOOL_CONVERSION = YES;
				CLANG_WARN_COMMA = YES;
				CLANG_WARN_CONSTANT_CONVERSION = YES;
				CLANG_WARN_DEPRECATED_OBJC_IMPLEMENTATIONS = YES;
				CLANG_WARN_DIRECT_OBJC_ISA_USAGE = YES_ERROR;
				CLANG_WARN_DOCUMENTATION_COMMENTS = YES;
				CLANG_WARN_EMPTY_BODY = YES;
				CLANG_WARN_ENUM_CONVERSION = YES;
				CLANG_WARN_INFINITE_RECURSION = YES;
				CLANG_WARN_INT_CONVERSION = YES;
				CLANG_WARN_NON_LITERAL_NULL_CONVERSION = YES;
				CLANG_WARN_OBJC_IMPLICIT_RETAIN_SELF = YES;
				CLANG_WARN_OBJC_LITERAL_CONVERSION = YES;
				CLANG_WARN_OBJC_ROOT_CLASS = YES_ERROR;
				CLANG_WARN_QUOTED_INCLUDE_IN_FRAMEWORK_HEADER = YES;
				CLANG_WARN_RANGE_LOOP_ANALYSIS = YES;
				CLANG_WARN_STRICT_PROTOTYPES = YES;
				CLANG_WARN_SUSPICIOUS_MOVE = YES;
				CLANG_WARN_UNGUARDED_AVAILABILITY = YES_AGGRESSIVE;
				CLANG_WARN_UNREACHABLE_CODE = YES;
				CLANG_WARN__DUPLICATE_METHOD_MATCH = YES;
				COPY_PHASE_STRIP = NO;
				DEBUG_INFORMATION_FORMAT = dwarf;
				ENABLE_STRICT_OBJC_MSGSEND = YES;
				ENABLE_TESTABILITY = YES;
				ENABLE_USER_SCRIPT_SANDBOXING = YES;
				GCC_C_LANGUAGE_STANDARD = gnu17;
				GCC_DYNAMIC_NO_PIC = NO;
				GCC_NO_COMMON_BLOCKS = YES;
				GCC_OPTIMIZATION_LEVEL = 0;
				GCC_PREPROCESSOR_DEFINITIONS = (
					"DEBUG=1",
					"$(inherited)",
				);
				GCC_WARN_64_TO_32_BIT_CONVERSION = YES;
				GCC_WARN_ABOUT_RETURN_TYPE = YES_ERROR;
				GCC_WARN_UNDECLARED_SELECTOR = YES;
				GCC_WARN_UNINITIALIZED_AUTOS = YES_AGGRESSIVE;
				GCC_WARN_UNUSED_FUNCTION = YES;
				GCC_WARN_UNUSED_VARIABLE = YES;
				IPHONEOS_DEPLOYMENT_TARGET = 17.2;
				LOCALIZATION_PREFERS_STRING_CATALOGS = YES;
				MTL_ENABLE_DEBUG_INFO = INCLUDE_SOURCE;
				MTL_FAST_MATH = YES;
				ONLY_ACTIVE_ARCH = YES;
				SDKROOT = iphoneos;
				SWIFT_ACTIVE_COMPILATION_CONDITIONS = "DEBUG $(inherited)";
				SWIFT_OPTIMIZATION_LEVEL = "-Onone";
			};
			name = Debug;
		};
		19A874792BA5BABB007ACF2E /* Release */ = {
			isa = XCBuildConfiguration;
			buildSettings = {
				ALWAYS_SEARCH_USER_PATHS = NO;
				ASSETCATALOG_COMPILER_GENERATE_SWIFT_ASSET_SYMBOL_EXTENSIONS = YES;
				CLANG_ANALYZER_NONNULL = YES;
				CLANG_ANALYZER_NUMBER_OBJECT_CONVERSION = YES_AGGRESSIVE;
				CLANG_CXX_LANGUAGE_STANDARD = "gnu++20";
				CLANG_ENABLE_MODULES = YES;
				CLANG_ENABLE_OBJC_ARC = YES;
				CLANG_ENABLE_OBJC_WEAK = YES;
				CLANG_WARN_BLOCK_CAPTURE_AUTORELEASING = YES;
				CLANG_WARN_BOOL_CONVERSION = YES;
				CLANG_WARN_COMMA = YES;
				CLANG_WARN_CONSTANT_CONVERSION = YES;
				CLANG_WARN_DEPRECATED_OBJC_IMPLEMENTATIONS = YES;
				CLANG_WARN_DIRECT_OBJC_ISA_USAGE = YES_ERROR;
				CLANG_WARN_DOCUMENTATION_COMMENTS = YES;
				CLANG_WARN_EMPTY_BODY = YES;
				CLANG_WARN_ENUM_CONVERSION = YES;
				CLANG_WARN_INFINITE_RECURSION = YES;
				CLANG_WARN_INT_CONVERSION = YES;
				CLANG_WARN_NON_LITERAL_NULL_CONVERSION = YES;
				CLANG_WARN_OBJC_IMPLICIT_RETAIN_SELF = YES;
				CLANG_WARN_OBJC_LITERAL_CONVERSION = YES;
				CLANG_WARN_OBJC_ROOT_CLASS = YES_ERROR;
				CLANG_WARN_QUOTED_INCLUDE_IN_FRAMEWORK_HEADER = YES;
				CLANG_WARN_RANGE_LOOP_ANALYSIS = YES;
				CLANG_WARN_STRICT_PROTOTYPES = YES;
				CLANG_WARN_SUSPICIOUS_MOVE = YES;
				CLANG_WARN_UNGUARDED_AVAILABILITY = YES_AGGRESSIVE;
				CLANG_WARN_UNREACHABLE_CODE = YES;
				CLANG_WARN__DUPLICATE_METHOD_MATCH = YES;
				COPY_PHASE_STRIP = NO;
				DEBUG_INFORMATION_FORMAT = "dwarf-with-dsym";
				ENABLE_NS_ASSERTIONS = NO;
				ENABLE_STRICT_OBJC_MSGSEND = YES;
				ENABLE_USER_SCRIPT_SANDBOXING = YES;
				GCC_C_LANGUAGE_STANDARD = gnu17;
				GCC_NO_COMMON_BLOCKS = YES;
				GCC_WARN_64_TO_32_BIT_CONVERSION = YES;
				GCC_WARN_ABOUT_RETURN_TYPE = YES_ERROR;
				GCC_WARN_UNDECLARED_SELECTOR = YES;
				GCC_WARN_UNINITIALIZED_AUTOS = YES_AGGRESSIVE;
				GCC_WARN_UNUSED_FUNCTION = YES;
				GCC_WARN_UNUSED_VARIABLE = YES;
				IPHONEOS_DEPLOYMENT_TARGET = 17.2;
				LOCALIZATION_PREFERS_STRING_CATALOGS = YES;
				MTL_ENABLE_DEBUG_INFO = NO;
				MTL_FAST_MATH = YES;
				SDKROOT = iphoneos;
				SWIFT_COMPILATION_MODE = wholemodule;
				VALIDATE_PRODUCT = YES;
			};
			name = Release;
		};
		19A8747B2BA5BABB007ACF2E /* Debug */ = {
			isa = XCBuildConfiguration;
			buildSettings = {
				ASSETCATALOG_COMPILER_APPICON_NAME = AppIcon;
				ASSETCATALOG_COMPILER_GLOBAL_ACCENT_COLOR_NAME = AccentColor;
				CODE_SIGN_STYLE = Automatic;
				CURRENT_PROJECT_VERSION = 1;
				DEVELOPMENT_ASSET_PATHS = "\"Headway_Player/Preview Content\"";
				DEVELOPMENT_TEAM = WXAB92DYNM;
				ENABLE_PREVIEWS = YES;
				GENERATE_INFOPLIST_FILE = YES;
				INFOPLIST_KEY_UIApplicationSceneManifest_Generation = YES;
				INFOPLIST_KEY_UIApplicationSupportsIndirectInputEvents = YES;
				INFOPLIST_KEY_UILaunchScreen_Generation = YES;
				INFOPLIST_KEY_UISupportedInterfaceOrientations_iPad = "UIInterfaceOrientationPortrait UIInterfaceOrientationPortraitUpsideDown UIInterfaceOrientationLandscapeLeft UIInterfaceOrientationLandscapeRight";
				INFOPLIST_KEY_UISupportedInterfaceOrientations_iPhone = "UIInterfaceOrientationPortrait UIInterfaceOrientationLandscapeLeft UIInterfaceOrientationLandscapeRight";
				LD_RUNPATH_SEARCH_PATHS = (
					"$(inherited)",
					"@executable_path/Frameworks",
				);
				MARKETING_VERSION = 1.0;
				PRODUCT_BUNDLE_IDENTIFIER = "com.org.Headway-Player";
				PRODUCT_NAME = "$(TARGET_NAME)";
				SWIFT_EMIT_LOC_STRINGS = YES;
				SWIFT_VERSION = 5.0;
				TARGETED_DEVICE_FAMILY = "1,2";
			};
			name = Debug;
		};
		19A8747C2BA5BABB007ACF2E /* Release */ = {
			isa = XCBuildConfiguration;
			buildSettings = {
				ASSETCATALOG_COMPILER_APPICON_NAME = AppIcon;
				ASSETCATALOG_COMPILER_GLOBAL_ACCENT_COLOR_NAME = AccentColor;
				CODE_SIGN_STYLE = Automatic;
				CURRENT_PROJECT_VERSION = 1;
				DEVELOPMENT_ASSET_PATHS = "\"Headway_Player/Preview Content\"";
				DEVELOPMENT_TEAM = WXAB92DYNM;
				ENABLE_PREVIEWS = YES;
				GENERATE_INFOPLIST_FILE = YES;
				INFOPLIST_KEY_UIApplicationSceneManifest_Generation = YES;
				INFOPLIST_KEY_UIApplicationSupportsIndirectInputEvents = YES;
				INFOPLIST_KEY_UILaunchScreen_Generation = YES;
				INFOPLIST_KEY_UISupportedInterfaceOrientations_iPad = "UIInterfaceOrientationPortrait UIInterfaceOrientationPortraitUpsideDown UIInterfaceOrientationLandscapeLeft UIInterfaceOrientationLandscapeRight";
				INFOPLIST_KEY_UISupportedInterfaceOrientations_iPhone = "UIInterfaceOrientationPortrait UIInterfaceOrientationLandscapeLeft UIInterfaceOrientationLandscapeRight";
				LD_RUNPATH_SEARCH_PATHS = (
					"$(inherited)",
					"@executable_path/Frameworks",
				);
				MARKETING_VERSION = 1.0;
				PRODUCT_BUNDLE_IDENTIFIER = "com.org.Headway-Player";
				PRODUCT_NAME = "$(TARGET_NAME)";
				SWIFT_EMIT_LOC_STRINGS = YES;
				SWIFT_VERSION = 5.0;
				TARGETED_DEVICE_FAMILY = "1,2";
			};
			name = Release;
		};
		19A8747E2BA5BABB007ACF2E /* Debug */ = {
			isa = XCBuildConfiguration;
			buildSettings = {
				ALWAYS_EMBED_SWIFT_STANDARD_LIBRARIES = YES;
				BUNDLE_LOADER = "$(TEST_HOST)";
				CODE_SIGN_STYLE = Automatic;
				CURRENT_PROJECT_VERSION = 1;
				DEVELOPMENT_TEAM = WXAB92DYNM;
				GENERATE_INFOPLIST_FILE = YES;
				IPHONEOS_DEPLOYMENT_TARGET = 17.2;
				MARKETING_VERSION = 1.0;
				PRODUCT_BUNDLE_IDENTIFIER = "com.org.Headway-PlayerTests";
				PRODUCT_NAME = "$(TARGET_NAME)";
				SWIFT_EMIT_LOC_STRINGS = NO;
				SWIFT_VERSION = 5.0;
				TARGETED_DEVICE_FAMILY = "1,2";
				TEST_HOST = "$(BUILT_PRODUCTS_DIR)/Headway_Player.app/$(BUNDLE_EXECUTABLE_FOLDER_PATH)/Headway_Player";
			};
			name = Debug;
		};
		19A8747F2BA5BABB007ACF2E /* Release */ = {
			isa = XCBuildConfiguration;
			buildSettings = {
				ALWAYS_EMBED_SWIFT_STANDARD_LIBRARIES = YES;
				BUNDLE_LOADER = "$(TEST_HOST)";
				CODE_SIGN_STYLE = Automatic;
				CURRENT_PROJECT_VERSION = 1;
				DEVELOPMENT_TEAM = WXAB92DYNM;
				GENERATE_INFOPLIST_FILE = YES;
				IPHONEOS_DEPLOYMENT_TARGET = 17.2;
				MARKETING_VERSION = 1.0;
				PRODUCT_BUNDLE_IDENTIFIER = "com.org.Headway-PlayerTests";
				PRODUCT_NAME = "$(TARGET_NAME)";
				SWIFT_EMIT_LOC_STRINGS = NO;
				SWIFT_VERSION = 5.0;
				TARGETED_DEVICE_FAMILY = "1,2";
				TEST_HOST = "$(BUILT_PRODUCTS_DIR)/Headway_Player.app/$(BUNDLE_EXECUTABLE_FOLDER_PATH)/Headway_Player";
			};
			name = Release;
		};
		19A874812BA5BABB007ACF2E /* Debug */ = {
			isa = XCBuildConfiguration;
			buildSettings = {
				ALWAYS_EMBED_SWIFT_STANDARD_LIBRARIES = YES;
				CODE_SIGN_STYLE = Automatic;
				CURRENT_PROJECT_VERSION = 1;
				DEVELOPMENT_TEAM = WXAB92DYNM;
				GENERATE_INFOPLIST_FILE = YES;
				MARKETING_VERSION = 1.0;
				PRODUCT_BUNDLE_IDENTIFIER = "com.org.Headway-PlayerUITests";
				PRODUCT_NAME = "$(TARGET_NAME)";
				SWIFT_EMIT_LOC_STRINGS = NO;
				SWIFT_VERSION = 5.0;
				TARGETED_DEVICE_FAMILY = "1,2";
				TEST_TARGET_NAME = Headway_Player;
			};
			name = Debug;
		};
		19A874822BA5BABB007ACF2E /* Release */ = {
			isa = XCBuildConfiguration;
			buildSettings = {
				ALWAYS_EMBED_SWIFT_STANDARD_LIBRARIES = YES;
				CODE_SIGN_STYLE = Automatic;
				CURRENT_PROJECT_VERSION = 1;
				DEVELOPMENT_TEAM = WXAB92DYNM;
				GENERATE_INFOPLIST_FILE = YES;
				MARKETING_VERSION = 1.0;
				PRODUCT_BUNDLE_IDENTIFIER = "com.org.Headway-PlayerUITests";
				PRODUCT_NAME = "$(TARGET_NAME)";
				SWIFT_EMIT_LOC_STRINGS = NO;
				SWIFT_VERSION = 5.0;
				TARGETED_DEVICE_FAMILY = "1,2";
				TEST_TARGET_NAME = Headway_Player;
			};
			name = Release;
		};
/* End XCBuildConfiguration section */

/* Begin XCConfigurationList section */
		19A874512BA5BABA007ACF2E /* Build configuration list for PBXProject "Headway_Player" */ = {
			isa = XCConfigurationList;
			buildConfigurations = (
				19A874782BA5BABB007ACF2E /* Debug */,
				19A874792BA5BABB007ACF2E /* Release */,
			);
			defaultConfigurationIsVisible = 0;
			defaultConfigurationName = Release;
		};
		19A8747A2BA5BABB007ACF2E /* Build configuration list for PBXNativeTarget "Headway_Player" */ = {
			isa = XCConfigurationList;
			buildConfigurations = (
				19A8747B2BA5BABB007ACF2E /* Debug */,
				19A8747C2BA5BABB007ACF2E /* Release */,
			);
			defaultConfigurationIsVisible = 0;
			defaultConfigurationName = Release;
		};
		19A8747D2BA5BABB007ACF2E /* Build configuration list for PBXNativeTarget "Headway_PlayerTests" */ = {
			isa = XCConfigurationList;
			buildConfigurations = (
				19A8747E2BA5BABB007ACF2E /* Debug */,
				19A8747F2BA5BABB007ACF2E /* Release */,
			);
			defaultConfigurationIsVisible = 0;
			defaultConfigurationName = Release;
		};
		19A874802BA5BABB007ACF2E /* Build configuration list for PBXNativeTarget "Headway_PlayerUITests" */ = {
			isa = XCConfigurationList;
			buildConfigurations = (
				19A874812BA5BABB007ACF2E /* Debug */,
				19A874822BA5BABB007ACF2E /* Release */,
			);
			defaultConfigurationIsVisible = 0;
			defaultConfigurationName = Release;
		};
/* End XCConfigurationList section */
	};
	rootObject = 19A8744E2BA5BABA007ACF2E /* Project object */;
}
